
Microsoft Visual Studio Solution File, Format Version 12.00
# Visual Studio 2013
VisualStudioVersion = 12.0.31101.0
MinimumVisualStudioVersion = 10.0.40219.1
Project("{FAE04EC0-301F-11D3-BF4B-00C04F79EFBC}") = "ZQNB.Common", "ZQNB.Common\ZQNB.Common.csproj", "{698DBDF8-D962-4B1D-82BE-B6C6F98A29DE}"
EndProject
Project("{FAE04EC0-301F-11D3-BF4B-00C04F79EFBC}") = "ZQNB.Common.Test", "ZQNB.Common.Test\ZQNB.Common.Test.csproj", "{1B91D558-6270-4466-9801-A43F479E6BC2}"
EndProject
Global
	GlobalSection(SolutionConfigurationPlatforms) = preSolution
		Debug|Any CPU = Debug|Any CPU
		Release|Any CPU = Release|Any CPU
	EndGlobalSection
	GlobalSection(ProjectConfigurationPlatforms) = postSolution
		{698DBDF8-D962-4B1D-82BE-B6C6F98A29DE}.Debug|Any CPU.ActiveCfg = Debug|Any CPU
		{698DBDF8-D962-4B1D-82BE-B6C6F98A29DE}.Debug|Any CPU.Build.0 = Debug|Any CPU
		{698DBDF8-D962-4B1D-82BE-B6C6F98A29DE}.Release|Any CPU.ActiveCfg = Release|Any CPU
		{698DBDF8-D962-4B1D-82BE-B6C6F98A29DE}.Release|Any CPU.Build.0 = Release|Any CPU
		{1B91D558-6270-4466-9801-A43F479E6BC2}.Debug|Any CPU.ActiveCfg = Debug|Any CPU
		{1B91D558-6270-4466-9801-A43F479E6BC2}.Debug|Any CPU.Build.0 = Debug|Any CPU
		{1B91D558-6270-4466-9801-A43F479E6BC2}.Release|Any CPU.ActiveCfg = Release|Any CPU
		{1B91D558-6270-4466-9801-A43F479E6BC2}.Release|Any CPU.Build.0 = Release|Any CPU
	EndGlobalSection
	GlobalSection(SolutionProperties) = preSolution
		HideSolutionNode = FALSE
	EndGlobalSection
EndGlobal
