
Microsoft Visual Studio Solution File, Format Version 12.00
# Visual Studio 2013
VisualStudioVersion = 12.0.31101.0
MinimumVisualStudioVersion = 10.0.40219.1
Project("{FAE04EC0-301F-11D3-BF4B-00C04F79EFBC}") = "ZQNB.Common", "ZQNB.Common\ZQNB.Common.csproj", "{698DBDF8-D962-4B1D-82BE-B6C6F98A29DE}"
EndProject
Project("{FAE04EC0-301F-11D3-BF4B-00C04F79EFBC}") = "ZQNB.Common.Test", "ZQNB.Common.Test\ZQNB.Common.Test.csproj", "{1B91D558-6270-4466-9801-A43F479E6BC2}"
EndProject
Project("{FAE04EC0-301F-11D3-BF4B-00C04F79EFBC}") = "ZQNB.Web", "ZQNB.Web\ZQNB.Web.csproj", "{04D481AD-D4FC-45E2-AB5B-1135BB246E61}"
EndProject
Project("{FAE04EC0-301F-11D3-BF4B-00C04F79EFBC}") = "ZQNB.Web.Infrastructure", "ZQNB.Web.Infrastructure\ZQNB.Web.Infrastructure.csproj", "{707A8E34-059D-4863-A18A-C30954B177B6}"
EndProject
Project("{2150E333-8FDC-42A3-9474-1A3956D46DE8}") = "common", "common", "{7B1C3976-D266-4203-AFB3-25DF559D42A2}"
EndProject
Project("{2150E333-8FDC-42A3-9474-1A3956D46DE8}") = "baselib", "baselib", "{610509A4-C77F-42C8-825F-4457F7B458A0}"
EndProject
Project("{2150E333-8FDC-42A3-9474-1A3956D46DE8}") = "web", "web", "{C7ED42BB-5F8F-44FE-8E82-495BEC2EE4FA}"
EndProject
Project("{2150E333-8FDC-42A3-9474-1A3956D46DE8}") = "doc", "doc", "{8BA05772-6C3B-473D-82B0-267737F98D3B}"
	ProjectSection(SolutionItems) = preProject
		..\doc\readme-unify.md = ..\doc\readme-unify.md
		..\doc\todolist.md = ..\doc\todolist.md
	EndProjectSection
EndProject
Project("{FAE04EC0-301F-11D3-BF4B-00C04F79EFBC}") = "ZQNB.BaseLib.Packages", "ZQNB.BaseLib.Packages\ZQNB.BaseLib.Packages.csproj", "{EDEC68A4-DF24-4BA4-81AD-C4E086779907}"
EndProject
Project("{FAE04EC0-301F-11D3-BF4B-00C04F79EFBC}") = "ZQNB.BaseLib.Accounts", "ZQNB.BaseLib.Accounts\ZQNB.BaseLib.Accounts.csproj", "{EDDD13CE-7C66-4A7E-ADF8-C62E80907166}"
EndProject
Project("{FAE04EC0-301F-11D3-BF4B-00C04F79EFBC}") = "ZQNB.BaseLib.Permissions", "ZQNB.BaseLib.Permissions\ZQNB.BaseLib.Permissions.csproj", "{86675D5E-BF07-4789-B544-963429FB30BD}"
EndProject
Project("{FAE04EC0-301F-11D3-BF4B-00C04F79EFBC}") = "ZQNB.BaseLib", "ZQNB.BaseLib\ZQNB.BaseLib.csproj", "{3887C25B-5633-4BC2-957A-BFD8B5D406B4}"
EndProject
Project("{FAE04EC0-301F-11D3-BF4B-00C04F79EFBC}") = "ZQNB.BaseLib.Ds", "ZQNB.BaseLib.Ds\ZQNB.BaseLib.Ds.csproj", "{5AB8A0EB-17BE-4642-BCEF-BFB8F21BBD3F}"
EndProject
Project("{FAE04EC0-301F-11D3-BF4B-00C04F79EFBC}") = "ZQNB.BaeLib.Dics", "ZQNB.BaeLib.Dics\ZQNB.BaeLib.Dics.csproj", "{53071141-7930-48CB-A504-A7D281090E81}"
EndProject
Global
	GlobalSection(SolutionConfigurationPlatforms) = preSolution
		Debug|Any CPU = Debug|Any CPU
		Release|Any CPU = Release|Any CPU
	EndGlobalSection
	GlobalSection(ProjectConfigurationPlatforms) = postSolution
		{698DBDF8-D962-4B1D-82BE-B6C6F98A29DE}.Debug|Any CPU.ActiveCfg = Debug|Any CPU
		{698DBDF8-D962-4B1D-82BE-B6C6F98A29DE}.Debug|Any CPU.Build.0 = Debug|Any CPU
		{698DBDF8-D962-4B1D-82BE-B6C6F98A29DE}.Release|Any CPU.ActiveCfg = Release|Any CPU
		{698DBDF8-D962-4B1D-82BE-B6C6F98A29DE}.Release|Any CPU.Build.0 = Release|Any CPU
		{1B91D558-6270-4466-9801-A43F479E6BC2}.Debug|Any CPU.ActiveCfg = Debug|Any CPU
		{1B91D558-6270-4466-9801-A43F479E6BC2}.Debug|Any CPU.Build.0 = Debug|Any CPU
		{1B91D558-6270-4466-9801-A43F479E6BC2}.Release|Any CPU.ActiveCfg = Release|Any CPU
		{1B91D558-6270-4466-9801-A43F479E6BC2}.Release|Any CPU.Build.0 = Release|Any CPU
		{04D481AD-D4FC-45E2-AB5B-1135BB246E61}.Debug|Any CPU.ActiveCfg = Debug|Any CPU
		{04D481AD-D4FC-45E2-AB5B-1135BB246E61}.Debug|Any CPU.Build.0 = Debug|Any CPU
		{04D481AD-D4FC-45E2-AB5B-1135BB246E61}.Release|Any CPU.ActiveCfg = Release|Any CPU
		{04D481AD-D4FC-45E2-AB5B-1135BB246E61}.Release|Any CPU.Build.0 = Release|Any CPU
		{707A8E34-059D-4863-A18A-C30954B177B6}.Debug|Any CPU.ActiveCfg = Debug|Any CPU
		{707A8E34-059D-4863-A18A-C30954B177B6}.Debug|Any CPU.Build.0 = Debug|Any CPU
		{707A8E34-059D-4863-A18A-C30954B177B6}.Release|Any CPU.ActiveCfg = Release|Any CPU
		{707A8E34-059D-4863-A18A-C30954B177B6}.Release|Any CPU.Build.0 = Release|Any CPU
		{EDEC68A4-DF24-4BA4-81AD-C4E086779907}.Debug|Any CPU.ActiveCfg = Debug|Any CPU
		{EDEC68A4-DF24-4BA4-81AD-C4E086779907}.Debug|Any CPU.Build.0 = Debug|Any CPU
		{EDEC68A4-DF24-4BA4-81AD-C4E086779907}.Release|Any CPU.ActiveCfg = Release|Any CPU
		{EDEC68A4-DF24-4BA4-81AD-C4E086779907}.Release|Any CPU.Build.0 = Release|Any CPU
		{EDDD13CE-7C66-4A7E-ADF8-C62E80907166}.Debug|Any CPU.ActiveCfg = Debug|Any CPU
		{EDDD13CE-7C66-4A7E-ADF8-C62E80907166}.Debug|Any CPU.Build.0 = Debug|Any CPU
		{EDDD13CE-7C66-4A7E-ADF8-C62E80907166}.Release|Any CPU.ActiveCfg = Release|Any CPU
		{EDDD13CE-7C66-4A7E-ADF8-C62E80907166}.Release|Any CPU.Build.0 = Release|Any CPU
		{86675D5E-BF07-4789-B544-963429FB30BD}.Debug|Any CPU.ActiveCfg = Debug|Any CPU
		{86675D5E-BF07-4789-B544-963429FB30BD}.Debug|Any CPU.Build.0 = Debug|Any CPU
		{86675D5E-BF07-4789-B544-963429FB30BD}.Release|Any CPU.ActiveCfg = Release|Any CPU
		{86675D5E-BF07-4789-B544-963429FB30BD}.Release|Any CPU.Build.0 = Release|Any CPU
		{3887C25B-5633-4BC2-957A-BFD8B5D406B4}.Debug|Any CPU.ActiveCfg = Debug|Any CPU
		{3887C25B-5633-4BC2-957A-BFD8B5D406B4}.Debug|Any CPU.Build.0 = Debug|Any CPU
		{3887C25B-5633-4BC2-957A-BFD8B5D406B4}.Release|Any CPU.ActiveCfg = Release|Any CPU
		{3887C25B-5633-4BC2-957A-BFD8B5D406B4}.Release|Any CPU.Build.0 = Release|Any CPU
		{5AB8A0EB-17BE-4642-BCEF-BFB8F21BBD3F}.Debug|Any CPU.ActiveCfg = Debug|Any CPU
		{5AB8A0EB-17BE-4642-BCEF-BFB8F21BBD3F}.Debug|Any CPU.Build.0 = Debug|Any CPU
		{5AB8A0EB-17BE-4642-BCEF-BFB8F21BBD3F}.Release|Any CPU.ActiveCfg = Release|Any CPU
		{5AB8A0EB-17BE-4642-BCEF-BFB8F21BBD3F}.Release|Any CPU.Build.0 = Release|Any CPU
		{53071141-7930-48CB-A504-A7D281090E81}.Debug|Any CPU.ActiveCfg = Debug|Any CPU
		{53071141-7930-48CB-A504-A7D281090E81}.Debug|Any CPU.Build.0 = Debug|Any CPU
		{53071141-7930-48CB-A504-A7D281090E81}.Release|Any CPU.ActiveCfg = Release|Any CPU
		{53071141-7930-48CB-A504-A7D281090E81}.Release|Any CPU.Build.0 = Release|Any CPU
	EndGlobalSection
	GlobalSection(SolutionProperties) = preSolution
		HideSolutionNode = FALSE
	EndGlobalSection
	GlobalSection(NestedProjects) = preSolution
		{698DBDF8-D962-4B1D-82BE-B6C6F98A29DE} = {7B1C3976-D266-4203-AFB3-25DF559D42A2}
		{1B91D558-6270-4466-9801-A43F479E6BC2} = {7B1C3976-D266-4203-AFB3-25DF559D42A2}
		{04D481AD-D4FC-45E2-AB5B-1135BB246E61} = {C7ED42BB-5F8F-44FE-8E82-495BEC2EE4FA}
		{707A8E34-059D-4863-A18A-C30954B177B6} = {C7ED42BB-5F8F-44FE-8E82-495BEC2EE4FA}
		{EDEC68A4-DF24-4BA4-81AD-C4E086779907} = {610509A4-C77F-42C8-825F-4457F7B458A0}
		{EDDD13CE-7C66-4A7E-ADF8-C62E80907166} = {610509A4-C77F-42C8-825F-4457F7B458A0}
		{86675D5E-BF07-4789-B544-963429FB30BD} = {610509A4-C77F-42C8-825F-4457F7B458A0}
		{3887C25B-5633-4BC2-957A-BFD8B5D406B4} = {610509A4-C77F-42C8-825F-4457F7B458A0}
		{5AB8A0EB-17BE-4642-BCEF-BFB8F21BBD3F} = {610509A4-C77F-42C8-825F-4457F7B458A0}
		{53071141-7930-48CB-A504-A7D281090E81} = {610509A4-C77F-42C8-825F-4457F7B458A0}
	EndGlobalSection
EndGlobal
